
Microsoft Visual Studio Solution File, Format Version 11.00
# Visual Studio 2010
# SharpDevelop 4.4
Project("{FAE04EC0-301F-11D3-BF4B-00C04F79EFBC}") = "MyTemp", "MyTemp\MyTemp.csproj", "{E484557F-D71A-4501-B8F0-B3B66FF63E08}"
EndProject
Global
	GlobalSection(SolutionConfigurationPlatforms) = preSolution
		Debug|Any CPU = Debug|Any CPU
		Release|Any CPU = Release|Any CPU
	EndGlobalSection
	GlobalSection(ProjectConfigurationPlatforms) = postSolution
		{E484557F-D71A-4501-B8F0-B3B66FF63E08}.Debug|Any CPU.ActiveCfg = Debug|Any CPU
		{E484557F-D71A-4501-B8F0-B3B66FF63E08}.Debug|Any CPU.Build.0 = Debug|Any CPU
		{E484557F-D71A-4501-B8F0-B3B66FF63E08}.Release|Any CPU.ActiveCfg = Release|Any CPU
		{E484557F-D71A-4501-B8F0-B3B66FF63E08}.Release|Any CPU.Build.0 = Release|Any CPU
	EndGlobalSection
EndGlobal
